{
  "nodes": {
    "readonly-bash": {
      "flake": false,
      "locked": {
        "lastModified": 1781282803,
        "narHash": "sha256-DZJy6NyCi61Cl9Sa0M/tQnyz4JfCsTU4UPZIr4nfS5U=",
        "owner": "blackhat-7",
        "repo": "readonly-bash",
        "rev": "ff238510ef7e5a7dc9bcde82f0ed37ede2c4cf2e",
        "type": "github"
      },
      "original": {
        "owner": "blackhat-7",
        "ref": "main",
        "repo": "readonly-bash",
        "type": "github"
      }
    },
    "root": {
      "inputs": {
        "readonly-bash": "readonly-bash"
      }
    }
  },
  "root": "root",
  "version": 7
}
