{
  "nodes": {
    "readonly-bash": {
      "flake": false,
      "locked": {
        "lastModified": 1780573318,
        "narHash": "sha256-Ue0nO2r01fAHc5fFryG4kpUv4yruc6ZCYDUe+/0/+HY=",
        "owner": "blackhat-7",
        "repo": "readonly-bash",
        "rev": "0a9ae77db21b7dc8573a953fce7c71cfe0c7f299",
        "type": "github"
      },
      "original": {
        "owner": "blackhat-7",
        "ref": "main",
        "repo": "readonly-bash",
        "type": "github"
      }
    },
    "root": {
      "inputs": {
        "readonly-bash": "readonly-bash"
      }
    }
  },
  "root": "root",
  "version": 7
}
